
Microsoft Visual Studio Solution File, Format Version 12.00
# Visual Studio Version 16
VisualStudioVersion = 16.0.29728.190
MinimumVisualStudioVersion = 10.0.40219.1
Project("{FAE04EC0-301F-11D3-BF4B-00C04F79EFBC}") = "Solar", "Solar\Solar.csproj", "{FDF22371-8F3F-4C02-A265-59740CA86568}"
EndProject
Global
	GlobalSection(SolutionConfigurationPlatforms) = preSolution
		Debug|Any CPU = Debug|Any CPU
		Release|Any CPU = Release|Any CPU
	EndGlobalSection
	GlobalSection(ProjectConfigurationPlatforms) = postSolution
		{FDF22371-8F3F-4C02-A265-59740CA86568}.Debug|Any CPU.ActiveCfg = Debug|Any CPU
		{FDF22371-8F3F-4C02-A265-59740CA86568}.Debug|Any CPU.Build.0 = Debug|Any CPU
		{FDF22371-8F3F-4C02-A265-59740CA86568}.Release|Any CPU.ActiveCfg = Release|Any CPU
		{FDF22371-8F3F-4C02-A265-59740CA86568}.Release|Any CPU.Build.0 = Release|Any CPU
	EndGlobalSection
	GlobalSection(SolutionProperties) = preSolution
		HideSolutionNode = FALSE
	EndGlobalSection
	GlobalSection(ExtensibilityGlobals) = postSolution
		SolutionGuid = {7FC65664-977D-4C7E-A255-B516C323A57C}
	EndGlobalSection
EndGlobal
